
Microsoft Visual Studio Solution File, Format Version 12.00
# Visual Studio 2013
VisualStudioVersion = 12.0.31101.0
MinimumVisualStudioVersion = 10.0.40219.1
Project("{F184B08F-C81C-45F6-A57F-5ABD9991F28F}") = "Archiver", "Archiving\Archiver\Archiver.vbproj", "{C7E7E1DB-86E5-499A-9009-8D5CD8A040E3}"
EndProject
Project("{F184B08F-C81C-45F6-A57F-5ABD9991F28F}") = "HDZArchive", "Archiving\HDZArchive\HDZArchive.vbproj", "{01CE7133-1C6A-4787-B8E6-C96E66F05457}"
EndProject
Project("{FAE04EC0-301F-11D3-BF4B-00C04F79EFBC}") = "UnitTests", "Archiving\UnitTests\UnitTests.csproj", "{BC71FC76-52EE-4CD6-81F0-46E70AEFA8EF}"
EndProject
Project("{FAE04EC0-301F-11D3-BF4B-00C04F79EFBC}") = "UIO", "MTPSupport\UIO\UIO.csproj", "{95C2F88C-4FFA-488E-BC70-73FCE90A1F3E}"
EndProject
Project("{8BC9CEB8-8B4A-11D0-8D11-00A0C91BC942}") = "WPDInterop", "MTPSupport\WPDInterop\WPDInterop.vcxproj", "{414218B2-353E-4460-9787-8F6BE4D3F05E}"
EndProject
Project("{FAE04EC0-301F-11D3-BF4B-00C04F79EFBC}") = "WpdNet", "MTPSupport\WpdNet\WpdNet.csproj", "{A5C9C186-B5FC-460A-84A0-A7A170A79825}"
EndProject
Project("{F184B08F-C81C-45F6-A57F-5ABD9991F28F}") = "PLRenewer", "PLRenewer\PLRenewer.vbproj", "{B502227E-67CE-4DE0-807D-7F910888CC18}"
EndProject
Project("{F184B08F-C81C-45F6-A57F-5ABD9991F28F}") = "TagWriterTestApp", "Tagging\TagWriter\TagWriterTestApp.vbproj", "{A1586DCA-C1E6-4D7D-B736-D1D24DCDB38F}"
EndProject
Project("{FAE04EC0-301F-11D3-BF4B-00C04F79EFBC}") = "Plu", "Updater\plu\Plu.csproj", "{6FFECC83-7D15-4B2F-98A9-66F78F6EB902}"
EndProject
Project("{F184B08F-C81C-45F6-A57F-5ABD9991F28F}") = "TagLib", "Tagging\TagLib\TagLib.vbproj", "{39A7794B-C6E0-4865-B3B5-DDB71774463E}"
EndProject
Project("{2150E333-8FDC-42A3-9474-1A3956D46DE8}") = "Archiving", "Archiving", "{1D486E92-BBEC-44F8-B6A8-40A7E865C693}"
EndProject
Project("{2150E333-8FDC-42A3-9474-1A3956D46DE8}") = "Licensing", "Licensing", "{3E670467-3ECF-4624-A5D8-6402D7AD6794}"
EndProject
Project("{2150E333-8FDC-42A3-9474-1A3956D46DE8}") = "MPTSupport", "MPTSupport", "{0522EAE1-F352-4B22-B6B6-862902493D76}"
EndProject
Project("{2150E333-8FDC-42A3-9474-1A3956D46DE8}") = "Tagging", "Tagging", "{44A70FA1-1F6F-4FBE-ACBB-2D4CA397F3CF}"
EndProject
Project("{2150E333-8FDC-42A3-9474-1A3956D46DE8}") = "Updater", "Updater", "{F8B84ADB-5C4E-4C37-9862-1AB59BAF5F7B}"
EndProject
Project("{F184B08F-C81C-45F6-A57F-5ABD9991F28F}") = "License", "Licensing\License\License.vbproj", "{5B5E1BBE-7237-4478-BF6B-3237509C23C3}"
EndProject
Project("{F184B08F-C81C-45F6-A57F-5ABD9991F28F}") = "HDLT", "Licensing\HDLT\HDLT.vbproj", "{8A202B84-F8B5-4205-A477-B7CF8B1E730C}"
EndProject
Global
	GlobalSection(SolutionConfigurationPlatforms) = preSolution
		Debug|Mixed Platforms = Debug|Mixed Platforms
		Debug|x86 = Debug|x86
		Release|Mixed Platforms = Release|Mixed Platforms
		Release|x86 = Release|x86
	EndGlobalSection
	GlobalSection(ProjectConfigurationPlatforms) = postSolution
		{C7E7E1DB-86E5-499A-9009-8D5CD8A040E3}.Debug|Mixed Platforms.ActiveCfg = Debug|Any CPU
		{C7E7E1DB-86E5-499A-9009-8D5CD8A040E3}.Debug|Mixed Platforms.Build.0 = Debug|Any CPU
		{C7E7E1DB-86E5-499A-9009-8D5CD8A040E3}.Debug|x86.ActiveCfg = Debug|x86
		{C7E7E1DB-86E5-499A-9009-8D5CD8A040E3}.Debug|x86.Build.0 = Debug|x86
		{C7E7E1DB-86E5-499A-9009-8D5CD8A040E3}.Release|Mixed Platforms.ActiveCfg = Release|x86
		{C7E7E1DB-86E5-499A-9009-8D5CD8A040E3}.Release|Mixed Platforms.Build.0 = Release|x86
		{C7E7E1DB-86E5-499A-9009-8D5CD8A040E3}.Release|x86.ActiveCfg = Release|x86
		{C7E7E1DB-86E5-499A-9009-8D5CD8A040E3}.Release|x86.Build.0 = Release|x86
		{01CE7133-1C6A-4787-B8E6-C96E66F05457}.Debug|Mixed Platforms.ActiveCfg = Debug|Any CPU
		{01CE7133-1C6A-4787-B8E6-C96E66F05457}.Debug|Mixed Platforms.Build.0 = Debug|Any CPU
		{01CE7133-1C6A-4787-B8E6-C96E66F05457}.Debug|x86.ActiveCfg = Debug|x86
		{01CE7133-1C6A-4787-B8E6-C96E66F05457}.Debug|x86.Build.0 = Debug|x86
		{01CE7133-1C6A-4787-B8E6-C96E66F05457}.Release|Mixed Platforms.ActiveCfg = Release|x86
		{01CE7133-1C6A-4787-B8E6-C96E66F05457}.Release|Mixed Platforms.Build.0 = Release|x86
		{01CE7133-1C6A-4787-B8E6-C96E66F05457}.Release|x86.ActiveCfg = Release|x86
		{01CE7133-1C6A-4787-B8E6-C96E66F05457}.Release|x86.Build.0 = Release|x86
		{BC71FC76-52EE-4CD6-81F0-46E70AEFA8EF}.Debug|Mixed Platforms.ActiveCfg = Debug|Any CPU
		{BC71FC76-52EE-4CD6-81F0-46E70AEFA8EF}.Debug|Mixed Platforms.Build.0 = Debug|Any CPU
		{BC71FC76-52EE-4CD6-81F0-46E70AEFA8EF}.Debug|x86.ActiveCfg = Debug|x86
		{BC71FC76-52EE-4CD6-81F0-46E70AEFA8EF}.Debug|x86.Build.0 = Debug|x86
		{BC71FC76-52EE-4CD6-81F0-46E70AEFA8EF}.Release|Mixed Platforms.ActiveCfg = Release|x86
		{BC71FC76-52EE-4CD6-81F0-46E70AEFA8EF}.Release|Mixed Platforms.Build.0 = Release|x86
		{BC71FC76-52EE-4CD6-81F0-46E70AEFA8EF}.Release|x86.ActiveCfg = Release|x86
		{BC71FC76-52EE-4CD6-81F0-46E70AEFA8EF}.Release|x86.Build.0 = Release|x86
		{95C2F88C-4FFA-488E-BC70-73FCE90A1F3E}.Debug|Mixed Platforms.ActiveCfg = Debug|Any CPU
		{95C2F88C-4FFA-488E-BC70-73FCE90A1F3E}.Debug|Mixed Platforms.Build.0 = Debug|Any CPU
		{95C2F88C-4FFA-488E-BC70-73FCE90A1F3E}.Debug|x86.ActiveCfg = Debug|x86
		{95C2F88C-4FFA-488E-BC70-73FCE90A1F3E}.Debug|x86.Build.0 = Debug|x86
		{95C2F88C-4FFA-488E-BC70-73FCE90A1F3E}.Release|Mixed Platforms.ActiveCfg = Release|x86
		{95C2F88C-4FFA-488E-BC70-73FCE90A1F3E}.Release|Mixed Platforms.Build.0 = Release|x86
		{95C2F88C-4FFA-488E-BC70-73FCE90A1F3E}.Release|x86.ActiveCfg = Release|x86
		{95C2F88C-4FFA-488E-BC70-73FCE90A1F3E}.Release|x86.Build.0 = Release|x86
		{414218B2-353E-4460-9787-8F6BE4D3F05E}.Debug|Mixed Platforms.ActiveCfg = Debug|Win32
		{414218B2-353E-4460-9787-8F6BE4D3F05E}.Debug|Mixed Platforms.Build.0 = Debug|Win32
		{414218B2-353E-4460-9787-8F6BE4D3F05E}.Debug|x86.ActiveCfg = Debug|Win32
		{414218B2-353E-4460-9787-8F6BE4D3F05E}.Debug|x86.Build.0 = Debug|Win32
		{414218B2-353E-4460-9787-8F6BE4D3F05E}.Release|Mixed Platforms.ActiveCfg = Release|Win32
		{414218B2-353E-4460-9787-8F6BE4D3F05E}.Release|Mixed Platforms.Build.0 = Release|Win32
		{414218B2-353E-4460-9787-8F6BE4D3F05E}.Release|x86.ActiveCfg = Release|Win32
		{414218B2-353E-4460-9787-8F6BE4D3F05E}.Release|x86.Build.0 = Release|Win32
		{A5C9C186-B5FC-460A-84A0-A7A170A79825}.Debug|Mixed Platforms.ActiveCfg = Debug|x86
		{A5C9C186-B5FC-460A-84A0-A7A170A79825}.Debug|Mixed Platforms.Build.0 = Debug|x86
		{A5C9C186-B5FC-460A-84A0-A7A170A79825}.Debug|x86.ActiveCfg = Debug|x86
		{A5C9C186-B5FC-460A-84A0-A7A170A79825}.Debug|x86.Build.0 = Debug|x86
		{A5C9C186-B5FC-460A-84A0-A7A170A79825}.Release|Mixed Platforms.ActiveCfg = Release|x86
		{A5C9C186-B5FC-460A-84A0-A7A170A79825}.Release|Mixed Platforms.Build.0 = Release|x86
		{A5C9C186-B5FC-460A-84A0-A7A170A79825}.Release|x86.ActiveCfg = Release|x86
		{A5C9C186-B5FC-460A-84A0-A7A170A79825}.Release|x86.Build.0 = Release|x86
		{B502227E-67CE-4DE0-807D-7F910888CC18}.Debug|Mixed Platforms.ActiveCfg = Debug|x86
		{B502227E-67CE-4DE0-807D-7F910888CC18}.Debug|Mixed Platforms.Build.0 = Debug|x86
		{B502227E-67CE-4DE0-807D-7F910888CC18}.Debug|x86.ActiveCfg = Debug|x86
		{B502227E-67CE-4DE0-807D-7F910888CC18}.Debug|x86.Build.0 = Debug|x86
		{B502227E-67CE-4DE0-807D-7F910888CC18}.Release|Mixed Platforms.ActiveCfg = Release|x86
		{B502227E-67CE-4DE0-807D-7F910888CC18}.Release|Mixed Platforms.Build.0 = Release|x86
		{B502227E-67CE-4DE0-807D-7F910888CC18}.Release|x86.ActiveCfg = Release|x86
		{B502227E-67CE-4DE0-807D-7F910888CC18}.Release|x86.Build.0 = Release|x86
		{A1586DCA-C1E6-4D7D-B736-D1D24DCDB38F}.Debug|Mixed Platforms.ActiveCfg = Debug|Any CPU
		{A1586DCA-C1E6-4D7D-B736-D1D24DCDB38F}.Debug|Mixed Platforms.Build.0 = Debug|Any CPU
		{A1586DCA-C1E6-4D7D-B736-D1D24DCDB38F}.Debug|x86.ActiveCfg = Debug|x86
		{A1586DCA-C1E6-4D7D-B736-D1D24DCDB38F}.Debug|x86.Build.0 = Debug|x86
		{A1586DCA-C1E6-4D7D-B736-D1D24DCDB38F}.Release|Mixed Platforms.ActiveCfg = Release|x86
		{A1586DCA-C1E6-4D7D-B736-D1D24DCDB38F}.Release|Mixed Platforms.Build.0 = Release|x86
		{A1586DCA-C1E6-4D7D-B736-D1D24DCDB38F}.Release|x86.ActiveCfg = Release|x86
		{A1586DCA-C1E6-4D7D-B736-D1D24DCDB38F}.Release|x86.Build.0 = Release|x86
		{6FFECC83-7D15-4B2F-98A9-66F78F6EB902}.Debug|Mixed Platforms.ActiveCfg = Debug|Any CPU
		{6FFECC83-7D15-4B2F-98A9-66F78F6EB902}.Debug|Mixed Platforms.Build.0 = Debug|Any CPU
		{6FFECC83-7D15-4B2F-98A9-66F78F6EB902}.Debug|x86.ActiveCfg = Debug|x86
		{6FFECC83-7D15-4B2F-98A9-66F78F6EB902}.Debug|x86.Build.0 = Debug|x86
		{6FFECC83-7D15-4B2F-98A9-66F78F6EB902}.Release|Mixed Platforms.ActiveCfg = Release|x86
		{6FFECC83-7D15-4B2F-98A9-66F78F6EB902}.Release|Mixed Platforms.Build.0 = Release|x86
		{6FFECC83-7D15-4B2F-98A9-66F78F6EB902}.Release|x86.ActiveCfg = Release|x86
		{6FFECC83-7D15-4B2F-98A9-66F78F6EB902}.Release|x86.Build.0 = Release|x86
		{39A7794B-C6E0-4865-B3B5-DDB71774463E}.Debug|Mixed Platforms.ActiveCfg = Debug|Any CPU
		{39A7794B-C6E0-4865-B3B5-DDB71774463E}.Debug|Mixed Platforms.Build.0 = Debug|Any CPU
		{39A7794B-C6E0-4865-B3B5-DDB71774463E}.Debug|x86.ActiveCfg = Debug|x86
		{39A7794B-C6E0-4865-B3B5-DDB71774463E}.Debug|x86.Build.0 = Debug|x86
		{39A7794B-C6E0-4865-B3B5-DDB71774463E}.Release|Mixed Platforms.ActiveCfg = Release|Any CPU
		{39A7794B-C6E0-4865-B3B5-DDB71774463E}.Release|Mixed Platforms.Build.0 = Release|Any CPU
		{39A7794B-C6E0-4865-B3B5-DDB71774463E}.Release|x86.ActiveCfg = Release|Any CPU
		{5B5E1BBE-7237-4478-BF6B-3237509C23C3}.Debug|Mixed Platforms.ActiveCfg = Debug|Any CPU
		{5B5E1BBE-7237-4478-BF6B-3237509C23C3}.Debug|Mixed Platforms.Build.0 = Debug|Any CPU
		{5B5E1BBE-7237-4478-BF6B-3237509C23C3}.Debug|x86.ActiveCfg = Debug|x86
		{5B5E1BBE-7237-4478-BF6B-3237509C23C3}.Debug|x86.Build.0 = Debug|x86
		{5B5E1BBE-7237-4478-BF6B-3237509C23C3}.Release|Mixed Platforms.ActiveCfg = Release|Any CPU
		{5B5E1BBE-7237-4478-BF6B-3237509C23C3}.Release|Mixed Platforms.Build.0 = Release|Any CPU
		{5B5E1BBE-7237-4478-BF6B-3237509C23C3}.Release|x86.ActiveCfg = Release|Any CPU
		{8A202B84-F8B5-4205-A477-B7CF8B1E730C}.Debug|Mixed Platforms.ActiveCfg = Debug|Any CPU
		{8A202B84-F8B5-4205-A477-B7CF8B1E730C}.Debug|Mixed Platforms.Build.0 = Debug|Any CPU
		{8A202B84-F8B5-4205-A477-B7CF8B1E730C}.Debug|x86.ActiveCfg = Debug|x86
		{8A202B84-F8B5-4205-A477-B7CF8B1E730C}.Debug|x86.Build.0 = Debug|x86
		{8A202B84-F8B5-4205-A477-B7CF8B1E730C}.Release|Mixed Platforms.ActiveCfg = Release|Any CPU
		{8A202B84-F8B5-4205-A477-B7CF8B1E730C}.Release|Mixed Platforms.Build.0 = Release|Any CPU
		{8A202B84-F8B5-4205-A477-B7CF8B1E730C}.Release|x86.ActiveCfg = Release|Any CPU
	EndGlobalSection
	GlobalSection(SolutionProperties) = preSolution
		HideSolutionNode = FALSE
	EndGlobalSection
	GlobalSection(NestedProjects) = preSolution
		{C7E7E1DB-86E5-499A-9009-8D5CD8A040E3} = {1D486E92-BBEC-44F8-B6A8-40A7E865C693}
		{01CE7133-1C6A-4787-B8E6-C96E66F05457} = {1D486E92-BBEC-44F8-B6A8-40A7E865C693}
		{BC71FC76-52EE-4CD6-81F0-46E70AEFA8EF} = {1D486E92-BBEC-44F8-B6A8-40A7E865C693}
		{95C2F88C-4FFA-488E-BC70-73FCE90A1F3E} = {0522EAE1-F352-4B22-B6B6-862902493D76}
		{414218B2-353E-4460-9787-8F6BE4D3F05E} = {0522EAE1-F352-4B22-B6B6-862902493D76}
		{A5C9C186-B5FC-460A-84A0-A7A170A79825} = {0522EAE1-F352-4B22-B6B6-862902493D76}
		{A1586DCA-C1E6-4D7D-B736-D1D24DCDB38F} = {44A70FA1-1F6F-4FBE-ACBB-2D4CA397F3CF}
		{6FFECC83-7D15-4B2F-98A9-66F78F6EB902} = {F8B84ADB-5C4E-4C37-9862-1AB59BAF5F7B}
		{39A7794B-C6E0-4865-B3B5-DDB71774463E} = {44A70FA1-1F6F-4FBE-ACBB-2D4CA397F3CF}
		{5B5E1BBE-7237-4478-BF6B-3237509C23C3} = {3E670467-3ECF-4624-A5D8-6402D7AD6794}
		{8A202B84-F8B5-4205-A477-B7CF8B1E730C} = {3E670467-3ECF-4624-A5D8-6402D7AD6794}
	EndGlobalSection
	GlobalSection(TestCaseManagementSettings) = postSolution
		CategoryFile = PLRenewer.vsmdi
	EndGlobalSection
EndGlobal
